
Microsoft Visual Studio Solution File, Format Version 12.00
# Visual Studio Version 17
VisualStudioVersion = 17.0.31903.59
MinimumVisualStudioVersion = 10.0.40219.1
Project("{2150E333-8FDC-42A3-9474-1A3956D46DE8}") = "src", "src", "{827E0CD3-B72D-47B6-A68D-7590B98EB39B}"
EndProject
Project("{FAE04EC0-301F-11D3-BF4B-00C04F79EFBC}") = "BookStore.UI", "src\BookStore.UI\BookStore.UI.csproj", "{10396C24-75A1-49B0-B252-58BD69BBE0EF}"
EndProject
Project("{FAE04EC0-301F-11D3-BF4B-00C04F79EFBC}") = "BookStore.Application", "src\BookStore.Application\BookStore.Application.csproj", "{FDF5C47B-EED2-4116-9B98-CC4F14A7B4B0}"
EndProject
Project("{FAE04EC0-301F-11D3-BF4B-00C04F79EFBC}") = "BookStore.Domain", "src\BookStore.Domain\BookStore.Domain.csproj", "{049D381D-BAEF-4470-BED9-B3922BB19A36}"
EndProject
Project("{FAE04EC0-301F-11D3-BF4B-00C04F79EFBC}") = "BookStore.Persistence", "src\BookStore.Persistence\BookStore.Persistence.csproj", "{16B379A9-8379-4086-8602-95DC47A107BF}"
EndProject
Project("{FAE04EC0-301F-11D3-BF4B-00C04F79EFBC}") = "BookStore.Infrastructure", "src\BookStore.Infrastructure\BookStore.Infrastructure.csproj", "{1D90B303-7A39-4FB2-917D-E495C1016FE8}"
EndProject
Project("{FAE04EC0-301F-11D3-BF4B-00C04F79EFBC}") = "BookStore.Shared", "src\BookStore.Shared\BookStore.Shared.csproj", "{FD61EA77-92A8-4153-AFBD-DC6FE6876A62}"
EndProject
Project("{FAE04EC0-301F-11D3-BF4B-00C04F79EFBC}") = "BookStore.Reporting", "src\BookStore.Reporting\BookStore.Reporting.csproj", "{325A27B7-9E06-4A89-9A7F-C2F713FB0137}"
EndProject
Project("{FAE04EC0-301F-11D3-BF4B-00C04F79EFBC}") = "BookStore.Application.Tests", "tests\BookStore.Application.Tests\BookStore.Application.Tests.csproj", "{CAC8C99A-05F0-4246-B344-0522892356A3}"
EndProject
Project("{FAE04EC0-301F-11D3-BF4B-00C04F79EFBC}") = "BookStore.Domain.Tests", "tests\BookStore.Domain.Tests\BookStore.Domain.Tests.csproj", "{95E3D88C-2C20-404B-A2EC-EA2D2268CC6E}"
EndProject
Project("{FAE04EC0-301F-11D3-BF4B-00C04F79EFBC}") = "BookStore.Infrastructure.Tests", "tests\BookStore.Infrastructure.Tests\BookStore.Infrastructure.Tests.csproj", "{70803CE9-B395-4436-897E-D1EF0355C13A}"
EndProject
Project("{2150E333-8FDC-42A3-9474-1A3956D46DE8}") = "tests", "tests", "{0AB3BF05-4346-4AA6-1389-037BE0695223}"
EndProject
Project("{FAE04EC0-301F-11D3-BF4B-00C04F79EFBC}") = "BookStore.UI.Tests", "tests\BookStore.UI.Tests\BookStore.UI.Tests.csproj", "{8DD9C643-FB88-42AA-B388-42508319E965}"
EndProject
Global
	GlobalSection(SolutionConfigurationPlatforms) = preSolution
		Debug|Any CPU = Debug|Any CPU
		Debug|x64 = Debug|x64
		Debug|x86 = Debug|x86
		Release|Any CPU = Release|Any CPU
		Release|x64 = Release|x64
		Release|x86 = Release|x86
	EndGlobalSection
	GlobalSection(ProjectConfigurationPlatforms) = postSolution
		{10396C24-75A1-49B0-B252-58BD69BBE0EF}.Debug|Any CPU.ActiveCfg = Debug|Any CPU
		{10396C24-75A1-49B0-B252-58BD69BBE0EF}.Debug|Any CPU.Build.0 = Debug|Any CPU
		{10396C24-75A1-49B0-B252-58BD69BBE0EF}.Debug|x64.ActiveCfg = Debug|Any CPU
		{10396C24-75A1-49B0-B252-58BD69BBE0EF}.Debug|x64.Build.0 = Debug|Any CPU
		{10396C24-75A1-49B0-B252-58BD69BBE0EF}.Debug|x86.ActiveCfg = Debug|Any CPU
		{10396C24-75A1-49B0-B252-58BD69BBE0EF}.Debug|x86.Build.0 = Debug|Any CPU
		{10396C24-75A1-49B0-B252-58BD69BBE0EF}.Release|Any CPU.ActiveCfg = Release|Any CPU
		{10396C24-75A1-49B0-B252-58BD69BBE0EF}.Release|Any CPU.Build.0 = Release|Any CPU
		{10396C24-75A1-49B0-B252-58BD69BBE0EF}.Release|x64.ActiveCfg = Release|Any CPU
		{10396C24-75A1-49B0-B252-58BD69BBE0EF}.Release|x64.Build.0 = Release|Any CPU
		{10396C24-75A1-49B0-B252-58BD69BBE0EF}.Release|x86.ActiveCfg = Release|Any CPU
		{10396C24-75A1-49B0-B252-58BD69BBE0EF}.Release|x86.Build.0 = Release|Any CPU
		{FDF5C47B-EED2-4116-9B98-CC4F14A7B4B0}.Debug|Any CPU.ActiveCfg = Debug|Any CPU
		{FDF5C47B-EED2-4116-9B98-CC4F14A7B4B0}.Debug|Any CPU.Build.0 = Debug|Any CPU
		{FDF5C47B-EED2-4116-9B98-CC4F14A7B4B0}.Debug|x64.ActiveCfg = Debug|Any CPU
		{FDF5C47B-EED2-4116-9B98-CC4F14A7B4B0}.Debug|x64.Build.0 = Debug|Any CPU
		{FDF5C47B-EED2-4116-9B98-CC4F14A7B4B0}.Debug|x86.ActiveCfg = Debug|Any CPU
		{FDF5C47B-EED2-4116-9B98-CC4F14A7B4B0}.Debug|x86.Build.0 = Debug|Any CPU
		{FDF5C47B-EED2-4116-9B98-CC4F14A7B4B0}.Release|Any CPU.ActiveCfg = Release|Any CPU
		{FDF5C47B-EED2-4116-9B98-CC4F14A7B4B0}.Release|Any CPU.Build.0 = Release|Any CPU
		{FDF5C47B-EED2-4116-9B98-CC4F14A7B4B0}.Release|x64.ActiveCfg = Release|Any CPU
		{FDF5C47B-EED2-4116-9B98-CC4F14A7B4B0}.Release|x64.Build.0 = Release|Any CPU
		{FDF5C47B-EED2-4116-9B98-CC4F14A7B4B0}.Release|x86.ActiveCfg = Release|Any CPU
		{FDF5C47B-EED2-4116-9B98-CC4F14A7B4B0}.Release|x86.Build.0 = Release|Any CPU
		{049D381D-BAEF-4470-BED9-B3922BB19A36}.Debug|Any CPU.ActiveCfg = Debug|Any CPU
		{049D381D-BAEF-4470-BED9-B3922BB19A36}.Debug|Any CPU.Build.0 = Debug|Any CPU
		{049D381D-BAEF-4470-BED9-B3922BB19A36}.Debug|x64.ActiveCfg = Debug|Any CPU
		{049D381D-BAEF-4470-BED9-B3922BB19A36}.Debug|x64.Build.0 = Debug|Any CPU
		{049D381D-BAEF-4470-BED9-B3922BB19A36}.Debug|x86.ActiveCfg = Debug|Any CPU
		{049D381D-BAEF-4470-BED9-B3922BB19A36}.Debug|x86.Build.0 = Debug|Any CPU
		{049D381D-BAEF-4470-BED9-B3922BB19A36}.Release|Any CPU.ActiveCfg = Release|Any CPU
		{049D381D-BAEF-4470-BED9-B3922BB19A36}.Release|Any CPU.Build.0 = Release|Any CPU
		{049D381D-BAEF-4470-BED9-B3922BB19A36}.Release|x64.ActiveCfg = Release|Any CPU
		{049D381D-BAEF-4470-BED9-B3922BB19A36}.Release|x64.Build.0 = Release|Any CPU
		{049D381D-BAEF-4470-BED9-B3922BB19A36}.Release|x86.ActiveCfg = Release|Any CPU
		{049D381D-BAEF-4470-BED9-B3922BB19A36}.Release|x86.Build.0 = Release|Any CPU
		{16B379A9-8379-4086-8602-95DC47A107BF}.Debug|Any CPU.ActiveCfg = Debug|Any CPU
		{16B379A9-8379-4086-8602-95DC47A107BF}.Debug|Any CPU.Build.0 = Debug|Any CPU
		{16B379A9-8379-4086-8602-95DC47A107BF}.Debug|x64.ActiveCfg = Debug|Any CPU
		{16B379A9-8379-4086-8602-95DC47A107BF}.Debug|x64.Build.0 = Debug|Any CPU
		{16B379A9-8379-4086-8602-95DC47A107BF}.Debug|x86.ActiveCfg = Debug|Any CPU
		{16B379A9-8379-4086-8602-95DC47A107BF}.Debug|x86.Build.0 = Debug|Any CPU
		{16B379A9-8379-4086-8602-95DC47A107BF}.Release|Any CPU.ActiveCfg = Release|Any CPU
		{16B379A9-8379-4086-8602-95DC47A107BF}.Release|Any CPU.Build.0 = Release|Any CPU
		{16B379A9-8379-4086-8602-95DC47A107BF}.Release|x64.ActiveCfg = Release|Any CPU
		{16B379A9-8379-4086-8602-95DC47A107BF}.Release|x64.Build.0 = Release|Any CPU
		{16B379A9-8379-4086-8602-95DC47A107BF}.Release|x86.ActiveCfg = Release|Any CPU
		{16B379A9-8379-4086-8602-95DC47A107BF}.Release|x86.Build.0 = Release|Any CPU
		{1D90B303-7A39-4FB2-917D-E495C1016FE8}.Debug|Any CPU.ActiveCfg = Debug|Any CPU
		{1D90B303-7A39-4FB2-917D-E495C1016FE8}.Debug|Any CPU.Build.0 = Debug|Any CPU
		{1D90B303-7A39-4FB2-917D-E495C1016FE8}.Debug|x64.ActiveCfg = Debug|Any CPU
		{1D90B303-7A39-4FB2-917D-E495C1016FE8}.Debug|x64.Build.0 = Debug|Any CPU
		{1D90B303-7A39-4FB2-917D-E495C1016FE8}.Debug|x86.ActiveCfg = Debug|Any CPU
		{1D90B303-7A39-4FB2-917D-E495C1016FE8}.Debug|x86.Build.0 = Debug|Any CPU
		{1D90B303-7A39-4FB2-917D-E495C1016FE8}.Release|Any CPU.ActiveCfg = Release|Any CPU
		{1D90B303-7A39-4FB2-917D-E495C1016FE8}.Release|Any CPU.Build.0 = Release|Any CPU
		{1D90B303-7A39-4FB2-917D-E495C1016FE8}.Release|x64.ActiveCfg = Release|Any CPU
		{1D90B303-7A39-4FB2-917D-E495C1016FE8}.Release|x64.Build.0 = Release|Any CPU
		{1D90B303-7A39-4FB2-917D-E495C1016FE8}.Release|x86.ActiveCfg = Release|Any CPU
		{1D90B303-7A39-4FB2-917D-E495C1016FE8}.Release|x86.Build.0 = Release|Any CPU
		{FD61EA77-92A8-4153-AFBD-DC6FE6876A62}.Debug|Any CPU.ActiveCfg = Debug|Any CPU
		{FD61EA77-92A8-4153-AFBD-DC6FE6876A62}.Debug|Any CPU.Build.0 = Debug|Any CPU
		{FD61EA77-92A8-4153-AFBD-DC6FE6876A62}.Debug|x64.ActiveCfg = Debug|Any CPU
		{FD61EA77-92A8-4153-AFBD-DC6FE6876A62}.Debug|x64.Build.0 = Debug|Any CPU
		{FD61EA77-92A8-4153-AFBD-DC6FE6876A62}.Debug|x86.ActiveCfg = Debug|Any CPU
		{FD61EA77-92A8-4153-AFBD-DC6FE6876A62}.Debug|x86.Build.0 = Debug|Any CPU
		{FD61EA77-92A8-4153-AFBD-DC6FE6876A62}.Release|Any CPU.ActiveCfg = Release|Any CPU
		{FD61EA77-92A8-4153-AFBD-DC6FE6876A62}.Release|Any CPU.Build.0 = Release|Any CPU
		{FD61EA77-92A8-4153-AFBD-DC6FE6876A62}.Release|x64.ActiveCfg = Release|Any CPU
		{FD61EA77-92A8-4153-AFBD-DC6FE6876A62}.Release|x64.Build.0 = Release|Any CPU
		{FD61EA77-92A8-4153-AFBD-DC6FE6876A62}.Release|x86.ActiveCfg = Release|Any CPU
		{FD61EA77-92A8-4153-AFBD-DC6FE6876A62}.Release|x86.Build.0 = Release|Any CPU
		{325A27B7-9E06-4A89-9A7F-C2F713FB0137}.Debug|Any CPU.ActiveCfg = Debug|Any CPU
		{325A27B7-9E06-4A89-9A7F-C2F713FB0137}.Debug|Any CPU.Build.0 = Debug|Any CPU
		{325A27B7-9E06-4A89-9A7F-C2F713FB0137}.Debug|x64.ActiveCfg = Debug|Any CPU
		{325A27B7-9E06-4A89-9A7F-C2F713FB0137}.Debug|x64.Build.0 = Debug|Any CPU
		{325A27B7-9E06-4A89-9A7F-C2F713FB0137}.Debug|x86.ActiveCfg = Debug|Any CPU
		{325A27B7-9E06-4A89-9A7F-C2F713FB0137}.Debug|x86.Build.0 = Debug|Any CPU
		{325A27B7-9E06-4A89-9A7F-C2F713FB0137}.Release|Any CPU.ActiveCfg = Release|Any CPU
		{325A27B7-9E06-4A89-9A7F-C2F713FB0137}.Release|Any CPU.Build.0 = Release|Any CPU
		{325A27B7-9E06-4A89-9A7F-C2F713FB0137}.Release|x64.ActiveCfg = Release|Any CPU
		{325A27B7-9E06-4A89-9A7F-C2F713FB0137}.Release|x64.Build.0 = Release|Any CPU
		{325A27B7-9E06-4A89-9A7F-C2F713FB0137}.Release|x86.ActiveCfg = Release|Any CPU
		{325A27B7-9E06-4A89-9A7F-C2F713FB0137}.Release|x86.Build.0 = Release|Any CPU
		{CAC8C99A-05F0-4246-B344-0522892356A3}.Debug|Any CPU.ActiveCfg = Debug|Any CPU
		{CAC8C99A-05F0-4246-B344-0522892356A3}.Debug|Any CPU.Build.0 = Debug|Any CPU
		{CAC8C99A-05F0-4246-B344-0522892356A3}.Debug|x64.ActiveCfg = Debug|Any CPU
		{CAC8C99A-05F0-4246-B344-0522892356A3}.Debug|x64.Build.0 = Debug|Any CPU
		{CAC8C99A-05F0-4246-B344-0522892356A3}.Debug|x86.ActiveCfg = Debug|Any CPU
		{CAC8C99A-05F0-4246-B344-0522892356A3}.Debug|x86.Build.0 = Debug|Any CPU
		{CAC8C99A-05F0-4246-B344-0522892356A3}.Release|Any CPU.ActiveCfg = Release|Any CPU
		{CAC8C99A-05F0-4246-B344-0522892356A3}.Release|Any CPU.Build.0 = Release|Any CPU
		{CAC8C99A-05F0-4246-B344-0522892356A3}.Release|x64.ActiveCfg = Release|Any CPU
		{CAC8C99A-05F0-4246-B344-0522892356A3}.Release|x64.Build.0 = Release|Any CPU
		{CAC8C99A-05F0-4246-B344-0522892356A3}.Release|x86.ActiveCfg = Release|Any CPU
		{CAC8C99A-05F0-4246-B344-0522892356A3}.Release|x86.Build.0 = Release|Any CPU
		{95E3D88C-2C20-404B-A2EC-EA2D2268CC6E}.Debug|Any CPU.ActiveCfg = Debug|Any CPU
		{95E3D88C-2C20-404B-A2EC-EA2D2268CC6E}.Debug|Any CPU.Build.0 = Debug|Any CPU
		{95E3D88C-2C20-404B-A2EC-EA2D2268CC6E}.Debug|x64.ActiveCfg = Debug|Any CPU
		{95E3D88C-2C20-404B-A2EC-EA2D2268CC6E}.Debug|x64.Build.0 = Debug|Any CPU
		{95E3D88C-2C20-404B-A2EC-EA2D2268CC6E}.Debug|x86.ActiveCfg = Debug|Any CPU
		{95E3D88C-2C20-404B-A2EC-EA2D2268CC6E}.Debug|x86.Build.0 = Debug|Any CPU
		{95E3D88C-2C20-404B-A2EC-EA2D2268CC6E}.Release|Any CPU.ActiveCfg = Release|Any CPU
		{95E3D88C-2C20-404B-A2EC-EA2D2268CC6E}.Release|Any CPU.Build.0 = Release|Any CPU
		{95E3D88C-2C20-404B-A2EC-EA2D2268CC6E}.Release|x64.ActiveCfg = Release|Any CPU
		{95E3D88C-2C20-404B-A2EC-EA2D2268CC6E}.Release|x64.Build.0 = Release|Any CPU
		{95E3D88C-2C20-404B-A2EC-EA2D2268CC6E}.Release|x86.ActiveCfg = Release|Any CPU
		{95E3D88C-2C20-404B-A2EC-EA2D2268CC6E}.Release|x86.Build.0 = Release|Any CPU
		{70803CE9-B395-4436-897E-D1EF0355C13A}.Debug|Any CPU.ActiveCfg = Debug|Any CPU
		{70803CE9-B395-4436-897E-D1EF0355C13A}.Debug|Any CPU.Build.0 = Debug|Any CPU
		{70803CE9-B395-4436-897E-D1EF0355C13A}.Debug|x64.ActiveCfg = Debug|Any CPU
		{70803CE9-B395-4436-897E-D1EF0355C13A}.Debug|x64.Build.0 = Debug|Any CPU
		{70803CE9-B395-4436-897E-D1EF0355C13A}.Debug|x86.ActiveCfg = Debug|Any CPU
		{70803CE9-B395-4436-897E-D1EF0355C13A}.Debug|x86.Build.0 = Debug|Any CPU
		{70803CE9-B395-4436-897E-D1EF0355C13A}.Release|Any CPU.ActiveCfg = Release|Any CPU
		{70803CE9-B395-4436-897E-D1EF0355C13A}.Release|Any CPU.Build.0 = Release|Any CPU
		{70803CE9-B395-4436-897E-D1EF0355C13A}.Release|x64.ActiveCfg = Release|Any CPU
		{70803CE9-B395-4436-897E-D1EF0355C13A}.Release|x64.Build.0 = Release|Any CPU
		{70803CE9-B395-4436-897E-D1EF0355C13A}.Release|x86.ActiveCfg = Release|Any CPU
		{70803CE9-B395-4436-897E-D1EF0355C13A}.Release|x86.Build.0 = Release|Any CPU
		{8DD9C643-FB88-42AA-B388-42508319E965}.Debug|Any CPU.ActiveCfg = Debug|Any CPU
		{8DD9C643-FB88-42AA-B388-42508319E965}.Debug|Any CPU.Build.0 = Debug|Any CPU
		{8DD9C643-FB88-42AA-B388-42508319E965}.Debug|x64.ActiveCfg = Debug|Any CPU
		{8DD9C643-FB88-42AA-B388-42508319E965}.Debug|x64.Build.0 = Debug|Any CPU
		{8DD9C643-FB88-42AA-B388-42508319E965}.Debug|x86.ActiveCfg = Debug|Any CPU
		{8DD9C643-FB88-42AA-B388-42508319E965}.Debug|x86.Build.0 = Debug|Any CPU
		{8DD9C643-FB88-42AA-B388-42508319E965}.Release|Any CPU.ActiveCfg = Release|Any CPU
		{8DD9C643-FB88-42AA-B388-42508319E965}.Release|Any CPU.Build.0 = Release|Any CPU
		{8DD9C643-FB88-42AA-B388-42508319E965}.Release|x64.ActiveCfg = Release|Any CPU
		{8DD9C643-FB88-42AA-B388-42508319E965}.Release|x64.Build.0 = Release|Any CPU
		{8DD9C643-FB88-42AA-B388-42508319E965}.Release|x86.ActiveCfg = Release|Any CPU
		{8DD9C643-FB88-42AA-B388-42508319E965}.Release|x86.Build.0 = Release|Any CPU
	EndGlobalSection
	GlobalSection(SolutionProperties) = preSolution
		HideSolutionNode = FALSE
	EndGlobalSection
	GlobalSection(NestedProjects) = preSolution
		{10396C24-75A1-49B0-B252-58BD69BBE0EF} = {827E0CD3-B72D-47B6-A68D-7590B98EB39B}
		{FDF5C47B-EED2-4116-9B98-CC4F14A7B4B0} = {827E0CD3-B72D-47B6-A68D-7590B98EB39B}
		{049D381D-BAEF-4470-BED9-B3922BB19A36} = {827E0CD3-B72D-47B6-A68D-7590B98EB39B}
		{16B379A9-8379-4086-8602-95DC47A107BF} = {827E0CD3-B72D-47B6-A68D-7590B98EB39B}
		{1D90B303-7A39-4FB2-917D-E495C1016FE8} = {827E0CD3-B72D-47B6-A68D-7590B98EB39B}
		{FD61EA77-92A8-4153-AFBD-DC6FE6876A62} = {827E0CD3-B72D-47B6-A68D-7590B98EB39B}
		{325A27B7-9E06-4A89-9A7F-C2F713FB0137} = {827E0CD3-B72D-47B6-A68D-7590B98EB39B}
		{CAC8C99A-05F0-4246-B344-0522892356A3} = {827E0CD3-B72D-47B6-A68D-7590B98EB39B}
		{95E3D88C-2C20-404B-A2EC-EA2D2268CC6E} = {827E0CD3-B72D-47B6-A68D-7590B98EB39B}
		{70803CE9-B395-4436-897E-D1EF0355C13A} = {827E0CD3-B72D-47B6-A68D-7590B98EB39B}
		{8DD9C643-FB88-42AA-B388-42508319E965} = {0AB3BF05-4346-4AA6-1389-037BE0695223}
	EndGlobalSection
EndGlobal
