
Microsoft Visual Studio Solution File, Format Version 12.00
# Visual Studio Version 17
VisualStudioVersion = 17.14.37502.11
MinimumVisualStudioVersion = 10.0.40219.1
Project("{2150E333-8FDC-42A3-9474-1A3956D46DE8}") = "src", "src", "{827E0CD3-B72D-47B6-A68D-7590B98EB39B}"
EndProject
Project("{FAE04EC0-301F-11D3-BF4B-00C04F79EFBC}") = "BookStore.UI", "src\BookStore.UI\BookStore.UI.csproj", "{CD08B0C8-11F6-4327-83CE-ECF6AF2599D6}"
EndProject
Project("{FAE04EC0-301F-11D3-BF4B-00C04F79EFBC}") = "BookStore.Application", "src\BookStore.Application\BookStore.Application.csproj", "{5CD26FA9-2CA3-472C-83AB-9B533907B5EE}"
EndProject
Project("{FAE04EC0-301F-11D3-BF4B-00C04F79EFBC}") = "BookStore.Domain", "src\BookStore.Domain\BookStore.Domain.csproj", "{C05F7413-A70D-4DCD-A8D3-48D2DF38D648}"
EndProject
Project("{FAE04EC0-301F-11D3-BF4B-00C04F79EFBC}") = "BookStore.Persistence", "src\BookStore.Persistence\BookStore.Persistence.csproj", "{4FC653EE-F3C6-4642-89C7-BA425C0098B7}"
EndProject
Project("{FAE04EC0-301F-11D3-BF4B-00C04F79EFBC}") = "BookStore.Infrastructure", "src\BookStore.Infrastructure\BookStore.Infrastructure.csproj", "{98123019-832A-4FD4-95EC-4F84C606307A}"
EndProject
Project("{FAE04EC0-301F-11D3-BF4B-00C04F79EFBC}") = "BookStore.Shared", "src\BookStore.Shared\BookStore.Shared.csproj", "{5C3E2827-8292-482D-B103-D2CA94895328}"
EndProject
Project("{FAE04EC0-301F-11D3-BF4B-00C04F79EFBC}") = "BookStore.Reporting", "src\BookStore.Reporting\BookStore.Reporting.csproj", "{210DDBFF-7C8B-492A-A60B-39A07FEC5758}"
EndProject
Project("{FAE04EC0-301F-11D3-BF4B-00C04F79EFBC}") = "BookStore.Application.Tests", "tests\BookStore.Application.Tests\BookStore.Application.Tests.csproj", "{62D658A3-93FC-4C6E-9116-B901AD2E4C30}"
EndProject
Project("{FAE04EC0-301F-11D3-BF4B-00C04F79EFBC}") = "BookStore.Domain.Tests", "tests\BookStore.Domain.Tests\BookStore.Domain.Tests.csproj", "{8C5E4016-380C-4685-ABD9-2D7850A718AD}"
EndProject
Project("{FAE04EC0-301F-11D3-BF4B-00C04F79EFBC}") = "BookStore.Infrastructure.Tests", "tests\BookStore.Infrastructure.Tests\BookStore.Infrastructure.Tests.csproj", "{B7AB6CFB-5AD6-49AC-92DE-86509ACF25B9}"
EndProject
Global
	GlobalSection(SolutionConfigurationPlatforms) = preSolution
		Debug|Any CPU = Debug|Any CPU
		Debug|x64 = Debug|x64
		Debug|x86 = Debug|x86
		Release|Any CPU = Release|Any CPU
		Release|x64 = Release|x64
		Release|x86 = Release|x86
	EndGlobalSection
	GlobalSection(ProjectConfigurationPlatforms) = postSolution
		{CD08B0C8-11F6-4327-83CE-ECF6AF2599D6}.Debug|Any CPU.ActiveCfg = Debug|Any CPU
		{CD08B0C8-11F6-4327-83CE-ECF6AF2599D6}.Debug|Any CPU.Build.0 = Debug|Any CPU
		{CD08B0C8-11F6-4327-83CE-ECF6AF2599D6}.Debug|x64.ActiveCfg = Debug|Any CPU
		{CD08B0C8-11F6-4327-83CE-ECF6AF2599D6}.Debug|x64.Build.0 = Debug|Any CPU
		{CD08B0C8-11F6-4327-83CE-ECF6AF2599D6}.Debug|x86.ActiveCfg = Debug|Any CPU
		{CD08B0C8-11F6-4327-83CE-ECF6AF2599D6}.Debug|x86.Build.0 = Debug|Any CPU
		{CD08B0C8-11F6-4327-83CE-ECF6AF2599D6}.Release|Any CPU.ActiveCfg = Release|Any CPU
		{CD08B0C8-11F6-4327-83CE-ECF6AF2599D6}.Release|Any CPU.Build.0 = Release|Any CPU
		{CD08B0C8-11F6-4327-83CE-ECF6AF2599D6}.Release|x64.ActiveCfg = Release|Any CPU
		{CD08B0C8-11F6-4327-83CE-ECF6AF2599D6}.Release|x64.Build.0 = Release|Any CPU
		{CD08B0C8-11F6-4327-83CE-ECF6AF2599D6}.Release|x86.ActiveCfg = Release|Any CPU
		{CD08B0C8-11F6-4327-83CE-ECF6AF2599D6}.Release|x86.Build.0 = Release|Any CPU
		{5CD26FA9-2CA3-472C-83AB-9B533907B5EE}.Debug|Any CPU.ActiveCfg = Debug|Any CPU
		{5CD26FA9-2CA3-472C-83AB-9B533907B5EE}.Debug|Any CPU.Build.0 = Debug|Any CPU
		{5CD26FA9-2CA3-472C-83AB-9B533907B5EE}.Debug|x64.ActiveCfg = Debug|Any CPU
		{5CD26FA9-2CA3-472C-83AB-9B533907B5EE}.Debug|x64.Build.0 = Debug|Any CPU
		{5CD26FA9-2CA3-472C-83AB-9B533907B5EE}.Debug|x86.ActiveCfg = Debug|Any CPU
		{5CD26FA9-2CA3-472C-83AB-9B533907B5EE}.Debug|x86.Build.0 = Debug|Any CPU
		{5CD26FA9-2CA3-472C-83AB-9B533907B5EE}.Release|Any CPU.ActiveCfg = Release|Any CPU
		{5CD26FA9-2CA3-472C-83AB-9B533907B5EE}.Release|Any CPU.Build.0 = Release|Any CPU
		{5CD26FA9-2CA3-472C-83AB-9B533907B5EE}.Release|x64.ActiveCfg = Release|Any CPU
		{5CD26FA9-2CA3-472C-83AB-9B533907B5EE}.Release|x64.Build.0 = Release|Any CPU
		{5CD26FA9-2CA3-472C-83AB-9B533907B5EE}.Release|x86.ActiveCfg = Release|Any CPU
		{5CD26FA9-2CA3-472C-83AB-9B533907B5EE}.Release|x86.Build.0 = Release|Any CPU
		{C05F7413-A70D-4DCD-A8D3-48D2DF38D648}.Debug|Any CPU.ActiveCfg = Debug|Any CPU
		{C05F7413-A70D-4DCD-A8D3-48D2DF38D648}.Debug|Any CPU.Build.0 = Debug|Any CPU
		{C05F7413-A70D-4DCD-A8D3-48D2DF38D648}.Debug|x64.ActiveCfg = Debug|Any CPU
		{C05F7413-A70D-4DCD-A8D3-48D2DF38D648}.Debug|x64.Build.0 = Debug|Any CPU
		{C05F7413-A70D-4DCD-A8D3-48D2DF38D648}.Debug|x86.ActiveCfg = Debug|Any CPU
		{C05F7413-A70D-4DCD-A8D3-48D2DF38D648}.Debug|x86.Build.0 = Debug|Any CPU
		{C05F7413-A70D-4DCD-A8D3-48D2DF38D648}.Release|Any CPU.ActiveCfg = Release|Any CPU
		{C05F7413-A70D-4DCD-A8D3-48D2DF38D648}.Release|Any CPU.Build.0 = Release|Any CPU
		{C05F7413-A70D-4DCD-A8D3-48D2DF38D648}.Release|x64.ActiveCfg = Release|Any CPU
		{C05F7413-A70D-4DCD-A8D3-48D2DF38D648}.Release|x64.Build.0 = Release|Any CPU
		{C05F7413-A70D-4DCD-A8D3-48D2DF38D648}.Release|x86.ActiveCfg = Release|Any CPU
		{C05F7413-A70D-4DCD-A8D3-48D2DF38D648}.Release|x86.Build.0 = Release|Any CPU
		{4FC653EE-F3C6-4642-89C7-BA425C0098B7}.Debug|Any CPU.ActiveCfg = Debug|Any CPU
		{4FC653EE-F3C6-4642-89C7-BA425C0098B7}.Debug|Any CPU.Build.0 = Debug|Any CPU
		{4FC653EE-F3C6-4642-89C7-BA425C0098B7}.Debug|x64.ActiveCfg = Debug|Any CPU
		{4FC653EE-F3C6-4642-89C7-BA425C0098B7}.Debug|x64.Build.0 = Debug|Any CPU
		{4FC653EE-F3C6-4642-89C7-BA425C0098B7}.Debug|x86.ActiveCfg = Debug|Any CPU
		{4FC653EE-F3C6-4642-89C7-BA425C0098B7}.Debug|x86.Build.0 = Debug|Any CPU
		{4FC653EE-F3C6-4642-89C7-BA425C0098B7}.Release|Any CPU.ActiveCfg = Release|Any CPU
		{4FC653EE-F3C6-4642-89C7-BA425C0098B7}.Release|Any CPU.Build.0 = Release|Any CPU
		{4FC653EE-F3C6-4642-89C7-BA425C0098B7}.Release|x64.ActiveCfg = Release|Any CPU
		{4FC653EE-F3C6-4642-89C7-BA425C0098B7}.Release|x64.Build.0 = Release|Any CPU
		{4FC653EE-F3C6-4642-89C7-BA425C0098B7}.Release|x86.ActiveCfg = Release|Any CPU
		{4FC653EE-F3C6-4642-89C7-BA425C0098B7}.Release|x86.Build.0 = Release|Any CPU
		{98123019-832A-4FD4-95EC-4F84C606307A}.Debug|Any CPU.ActiveCfg = Debug|Any CPU
		{98123019-832A-4FD4-95EC-4F84C606307A}.Debug|Any CPU.Build.0 = Debug|Any CPU
		{98123019-832A-4FD4-95EC-4F84C606307A}.Debug|x64.ActiveCfg = Debug|Any CPU
		{98123019-832A-4FD4-95EC-4F84C606307A}.Debug|x64.Build.0 = Debug|Any CPU
		{98123019-832A-4FD4-95EC-4F84C606307A}.Debug|x86.ActiveCfg = Debug|Any CPU
		{98123019-832A-4FD4-95EC-4F84C606307A}.Debug|x86.Build.0 = Debug|Any CPU
		{98123019-832A-4FD4-95EC-4F84C606307A}.Release|Any CPU.ActiveCfg = Release|Any CPU
		{98123019-832A-4FD4-95EC-4F84C606307A}.Release|Any CPU.Build.0 = Release|Any CPU
		{98123019-832A-4FD4-95EC-4F84C606307A}.Release|x64.ActiveCfg = Release|Any CPU
		{98123019-832A-4FD4-95EC-4F84C606307A}.Release|x64.Build.0 = Release|Any CPU
		{98123019-832A-4FD4-95EC-4F84C606307A}.Release|x86.ActiveCfg = Release|Any CPU
		{98123019-832A-4FD4-95EC-4F84C606307A}.Release|x86.Build.0 = Release|Any CPU
		{5C3E2827-8292-482D-B103-D2CA94895328}.Debug|Any CPU.ActiveCfg = Debug|Any CPU
		{5C3E2827-8292-482D-B103-D2CA94895328}.Debug|Any CPU.Build.0 = Debug|Any CPU
		{5C3E2827-8292-482D-B103-D2CA94895328}.Debug|x64.ActiveCfg = Debug|Any CPU
		{5C3E2827-8292-482D-B103-D2CA94895328}.Debug|x64.Build.0 = Debug|Any CPU
		{5C3E2827-8292-482D-B103-D2CA94895328}.Debug|x86.ActiveCfg = Debug|Any CPU
		{5C3E2827-8292-482D-B103-D2CA94895328}.Debug|x86.Build.0 = Debug|Any CPU
		{5C3E2827-8292-482D-B103-D2CA94895328}.Release|Any CPU.ActiveCfg = Release|Any CPU
		{5C3E2827-8292-482D-B103-D2CA94895328}.Release|Any CPU.Build.0 = Release|Any CPU
		{5C3E2827-8292-482D-B103-D2CA94895328}.Release|x64.ActiveCfg = Release|Any CPU
		{5C3E2827-8292-482D-B103-D2CA94895328}.Release|x64.Build.0 = Release|Any CPU
		{5C3E2827-8292-482D-B103-D2CA94895328}.Release|x86.ActiveCfg = Release|Any CPU
		{5C3E2827-8292-482D-B103-D2CA94895328}.Release|x86.Build.0 = Release|Any CPU
		{210DDBFF-7C8B-492A-A60B-39A07FEC5758}.Debug|Any CPU.ActiveCfg = Debug|Any CPU
		{210DDBFF-7C8B-492A-A60B-39A07FEC5758}.Debug|Any CPU.Build.0 = Debug|Any CPU
		{210DDBFF-7C8B-492A-A60B-39A07FEC5758}.Debug|x64.ActiveCfg = Debug|Any CPU
		{210DDBFF-7C8B-492A-A60B-39A07FEC5758}.Debug|x64.Build.0 = Debug|Any CPU
		{210DDBFF-7C8B-492A-A60B-39A07FEC5758}.Debug|x86.ActiveCfg = Debug|Any CPU
		{210DDBFF-7C8B-492A-A60B-39A07FEC5758}.Debug|x86.Build.0 = Debug|Any CPU
		{210DDBFF-7C8B-492A-A60B-39A07FEC5758}.Release|Any CPU.ActiveCfg = Release|Any CPU
		{210DDBFF-7C8B-492A-A60B-39A07FEC5758}.Release|Any CPU.Build.0 = Release|Any CPU
		{210DDBFF-7C8B-492A-A60B-39A07FEC5758}.Release|x64.ActiveCfg = Release|Any CPU
		{210DDBFF-7C8B-492A-A60B-39A07FEC5758}.Release|x64.Build.0 = Release|Any CPU
		{210DDBFF-7C8B-492A-A60B-39A07FEC5758}.Release|x86.ActiveCfg = Release|Any CPU
		{210DDBFF-7C8B-492A-A60B-39A07FEC5758}.Release|x86.Build.0 = Release|Any CPU
		{62D658A3-93FC-4C6E-9116-B901AD2E4C30}.Debug|Any CPU.ActiveCfg = Debug|Any CPU
		{62D658A3-93FC-4C6E-9116-B901AD2E4C30}.Debug|Any CPU.Build.0 = Debug|Any CPU
		{62D658A3-93FC-4C6E-9116-B901AD2E4C30}.Debug|x64.ActiveCfg = Debug|Any CPU
		{62D658A3-93FC-4C6E-9116-B901AD2E4C30}.Debug|x64.Build.0 = Debug|Any CPU
		{62D658A3-93FC-4C6E-9116-B901AD2E4C30}.Debug|x86.ActiveCfg = Debug|Any CPU
		{62D658A3-93FC-4C6E-9116-B901AD2E4C30}.Debug|x86.Build.0 = Debug|Any CPU
		{62D658A3-93FC-4C6E-9116-B901AD2E4C30}.Release|Any CPU.ActiveCfg = Release|Any CPU
		{62D658A3-93FC-4C6E-9116-B901AD2E4C30}.Release|Any CPU.Build.0 = Release|Any CPU
		{62D658A3-93FC-4C6E-9116-B901AD2E4C30}.Release|x64.ActiveCfg = Release|Any CPU
		{62D658A3-93FC-4C6E-9116-B901AD2E4C30}.Release|x64.Build.0 = Release|Any CPU
		{62D658A3-93FC-4C6E-9116-B901AD2E4C30}.Release|x86.ActiveCfg = Release|Any CPU
		{62D658A3-93FC-4C6E-9116-B901AD2E4C30}.Release|x86.Build.0 = Release|Any CPU
		{8C5E4016-380C-4685-ABD9-2D7850A718AD}.Debug|Any CPU.ActiveCfg = Debug|Any CPU
		{8C5E4016-380C-4685-ABD9-2D7850A718AD}.Debug|Any CPU.Build.0 = Debug|Any CPU
		{8C5E4016-380C-4685-ABD9-2D7850A718AD}.Debug|x64.ActiveCfg = Debug|Any CPU
		{8C5E4016-380C-4685-ABD9-2D7850A718AD}.Debug|x64.Build.0 = Debug|Any CPU
		{8C5E4016-380C-4685-ABD9-2D7850A718AD}.Debug|x86.ActiveCfg = Debug|Any CPU
		{8C5E4016-380C-4685-ABD9-2D7850A718AD}.Debug|x86.Build.0 = Debug|Any CPU
		{8C5E4016-380C-4685-ABD9-2D7850A718AD}.Release|Any CPU.ActiveCfg = Release|Any CPU
		{8C5E4016-380C-4685-ABD9-2D7850A718AD}.Release|Any CPU.Build.0 = Release|Any CPU
		{8C5E4016-380C-4685-ABD9-2D7850A718AD}.Release|x64.ActiveCfg = Release|Any CPU
		{8C5E4016-380C-4685-ABD9-2D7850A718AD}.Release|x64.Build.0 = Release|Any CPU
		{8C5E4016-380C-4685-ABD9-2D7850A718AD}.Release|x86.ActiveCfg = Release|Any CPU
		{8C5E4016-380C-4685-ABD9-2D7850A718AD}.Release|x86.Build.0 = Release|Any CPU
		{B7AB6CFB-5AD6-49AC-92DE-86509ACF25B9}.Debug|Any CPU.ActiveCfg = Debug|Any CPU
		{B7AB6CFB-5AD6-49AC-92DE-86509ACF25B9}.Debug|Any CPU.Build.0 = Debug|Any CPU
		{B7AB6CFB-5AD6-49AC-92DE-86509ACF25B9}.Debug|x64.ActiveCfg = Debug|Any CPU
		{B7AB6CFB-5AD6-49AC-92DE-86509ACF25B9}.Debug|x64.Build.0 = Debug|Any CPU
		{B7AB6CFB-5AD6-49AC-92DE-86509ACF25B9}.Debug|x86.ActiveCfg = Debug|Any CPU
		{B7AB6CFB-5AD6-49AC-92DE-86509ACF25B9}.Debug|x86.Build.0 = Debug|Any CPU
		{B7AB6CFB-5AD6-49AC-92DE-86509ACF25B9}.Release|Any CPU.ActiveCfg = Release|Any CPU
		{B7AB6CFB-5AD6-49AC-92DE-86509ACF25B9}.Release|Any CPU.Build.0 = Release|Any CPU
		{B7AB6CFB-5AD6-49AC-92DE-86509ACF25B9}.Release|x64.ActiveCfg = Release|Any CPU
		{B7AB6CFB-5AD6-49AC-92DE-86509ACF25B9}.Release|x64.Build.0 = Release|Any CPU
		{B7AB6CFB-5AD6-49AC-92DE-86509ACF25B9}.Release|x86.ActiveCfg = Release|Any CPU
		{B7AB6CFB-5AD6-49AC-92DE-86509ACF25B9}.Release|x86.Build.0 = Release|Any CPU
	EndGlobalSection
	GlobalSection(SolutionProperties) = preSolution
		HideSolutionNode = FALSE
	EndGlobalSection
	GlobalSection(NestedProjects) = preSolution
		{CD08B0C8-11F6-4327-83CE-ECF6AF2599D6} = {827E0CD3-B72D-47B6-A68D-7590B98EB39B}
		{5CD26FA9-2CA3-472C-83AB-9B533907B5EE} = {827E0CD3-B72D-47B6-A68D-7590B98EB39B}
		{C05F7413-A70D-4DCD-A8D3-48D2DF38D648} = {827E0CD3-B72D-47B6-A68D-7590B98EB39B}
		{4FC653EE-F3C6-4642-89C7-BA425C0098B7} = {827E0CD3-B72D-47B6-A68D-7590B98EB39B}
		{98123019-832A-4FD4-95EC-4F84C606307A} = {827E0CD3-B72D-47B6-A68D-7590B98EB39B}
		{5C3E2827-8292-482D-B103-D2CA94895328} = {827E0CD3-B72D-47B6-A68D-7590B98EB39B}
		{210DDBFF-7C8B-492A-A60B-39A07FEC5758} = {827E0CD3-B72D-47B6-A68D-7590B98EB39B}
		{62D658A3-93FC-4C6E-9116-B901AD2E4C30} = {827E0CD3-B72D-47B6-A68D-7590B98EB39B}
		{8C5E4016-380C-4685-ABD9-2D7850A718AD} = {827E0CD3-B72D-47B6-A68D-7590B98EB39B}
		{B7AB6CFB-5AD6-49AC-92DE-86509ACF25B9} = {827E0CD3-B72D-47B6-A68D-7590B98EB39B}
	EndGlobalSection
	GlobalSection(ExtensibilityGlobals) = postSolution
		SolutionGuid = {1FF165A8-86F0-4DC3-9461-A842B70A7694}
	EndGlobalSection
EndGlobal
