
Microsoft Visual Studio Solution File, Format Version 12.00
# Visual Studio Version 17
VisualStudioVersion = 17.14.37502.11 d17.14
MinimumVisualStudioVersion = 10.0.40219.1
Project("{FAE04EC0-301F-11D3-BF4B-00C04F79EFBC}") = "EL ZEABAK BookStore", "EL ZEABAK BookStore.csproj", "{71B9FBF6-40C8-4794-946B-22B4CB869C3D}"
EndProject
Global
	GlobalSection(SolutionConfigurationPlatforms) = preSolution
		Debug|Any CPU = Debug|Any CPU
		Release|Any CPU = Release|Any CPU
	EndGlobalSection
	GlobalSection(ProjectConfigurationPlatforms) = postSolution
		{71B9FBF6-40C8-4794-946B-22B4CB869C3D}.Debug|Any CPU.ActiveCfg = Debug|Any CPU
		{71B9FBF6-40C8-4794-946B-22B4CB869C3D}.Debug|Any CPU.Build.0 = Debug|Any CPU
		{71B9FBF6-40C8-4794-946B-22B4CB869C3D}.Release|Any CPU.ActiveCfg = Release|Any CPU
		{71B9FBF6-40C8-4794-946B-22B4CB869C3D}.Release|Any CPU.Build.0 = Release|Any CPU
	EndGlobalSection
	GlobalSection(SolutionProperties) = preSolution
		HideSolutionNode = FALSE
	EndGlobalSection
	GlobalSection(ExtensibilityGlobals) = postSolution
		SolutionGuid = {1FF165A8-86F0-4DC3-9461-A842B70A7694}
	EndGlobalSection
EndGlobal
